
Microsoft Visual Studio Solution File, Format Version 12.00
# Visual Studio Version 16
VisualStudioVersion = 16.0.30011.22
MinimumVisualStudioVersion = 10.0.40219.1
Project("{FAE04EC0-301F-11D3-BF4B-00C04F79EFBC}") = "Dertrix", "Dertrix.csproj", "{DE08D035-A624-4692-861C-29F0B14725BF}"
EndProject
Global
	GlobalSection(SolutionConfigurationPlatforms) = preSolution
		Debug|Any CPU = Debug|Any CPU
		Live|Any CPU = Live|Any CPU
		Release|Any CPU = Release|Any CPU
		Test|Any CPU = Test|Any CPU
	EndGlobalSection
	GlobalSection(ProjectConfigurationPlatforms) = postSolution
		{DE08D035-A624-4692-861C-29F0B14725BF}.Debug|Any CPU.ActiveCfg = Release|Any CPU
		{DE08D035-A624-4692-861C-29F0B14725BF}.Debug|Any CPU.Build.0 = Release|Any CPU
		{DE08D035-A624-4692-861C-29F0B14725BF}.Live|Any CPU.ActiveCfg = Live|Any CPU
		{DE08D035-A624-4692-861C-29F0B14725BF}.Live|Any CPU.Build.0 = Live|Any CPU
		{DE08D035-A624-4692-861C-29F0B14725BF}.Release|Any CPU.ActiveCfg = Release|Any CPU
		{DE08D035-A624-4692-861C-29F0B14725BF}.Release|Any CPU.Build.0 = Release|Any CPU
		{DE08D035-A624-4692-861C-29F0B14725BF}.Test|Any CPU.ActiveCfg = Test|Any CPU
		{DE08D035-A624-4692-861C-29F0B14725BF}.Test|Any CPU.Build.0 = Test|Any CPU
	EndGlobalSection
	GlobalSection(SolutionProperties) = preSolution
		HideSolutionNode = FALSE
	EndGlobalSection
	GlobalSection(ExtensibilityGlobals) = postSolution
		SolutionGuid = {2B50636F-64B7-4C50-8248-CAECC96672DD}
	EndGlobalSection
EndGlobal
